
Microsoft Visual Studio Solution File, Format Version 12.00
# Visual Studio Version 17
VisualStudioVersion = 17.9.34607.119
MinimumVisualStudioVersion = 10.0.40219.1
Project("{FAE04EC0-301F-11D3-BF4B-00C04F79EFBC}") = "ApiProduto.Aplicattion", "ApiProduto.Aplicattion\ApiProduto.Aplicattion.csproj", "{E3B82E0E-8668-4002-BE1C-2878AED8DCFD}"
EndProject
Project("{FAE04EC0-301F-11D3-BF4B-00C04F79EFBC}") = "ApiProduto.Infrastructure", "ApiProduto.Infrastructure\ApiProduto.Infrastructure.csproj", "{50370C2D-1054-4DB4-85F3-76F9888337DA}"
EndProject
Project("{FAE04EC0-301F-11D3-BF4B-00C04F79EFBC}") = "ApiProduto.Domain", "ApiProduto.Domain\ApiProduto.Domain.csproj", "{4529DDD0-4306-4047-AC31-310DE70E7107}"
EndProject
Project("{FAE04EC0-301F-11D3-BF4B-00C04F79EFBC}") = "ApiProduto.Api", "ApiProduto.Api\ApiProduto.Api.csproj", "{975F67B6-90BE-4561-9CB9-A7D75E07F07A}"
EndProject
Global
	GlobalSection(SolutionConfigurationPlatforms) = preSolution
		Debug|Any CPU = Debug|Any CPU
		Release|Any CPU = Release|Any CPU
	EndGlobalSection
	GlobalSection(ProjectConfigurationPlatforms) = postSolution
		{E3B82E0E-8668-4002-BE1C-2878AED8DCFD}.Debug|Any CPU.ActiveCfg = Debug|Any CPU
		{E3B82E0E-8668-4002-BE1C-2878AED8DCFD}.Debug|Any CPU.Build.0 = Debug|Any CPU
		{E3B82E0E-8668-4002-BE1C-2878AED8DCFD}.Release|Any CPU.ActiveCfg = Release|Any CPU
		{E3B82E0E-8668-4002-BE1C-2878AED8DCFD}.Release|Any CPU.Build.0 = Release|Any CPU
		{50370C2D-1054-4DB4-85F3-76F9888337DA}.Debug|Any CPU.ActiveCfg = Debug|Any CPU
		{50370C2D-1054-4DB4-85F3-76F9888337DA}.Debug|Any CPU.Build.0 = Debug|Any CPU
		{50370C2D-1054-4DB4-85F3-76F9888337DA}.Release|Any CPU.ActiveCfg = Release|Any CPU
		{50370C2D-1054-4DB4-85F3-76F9888337DA}.Release|Any CPU.Build.0 = Release|Any CPU
		{4529DDD0-4306-4047-AC31-310DE70E7107}.Debug|Any CPU.ActiveCfg = Debug|Any CPU
		{4529DDD0-4306-4047-AC31-310DE70E7107}.Debug|Any CPU.Build.0 = Debug|Any CPU
		{4529DDD0-4306-4047-AC31-310DE70E7107}.Release|Any CPU.ActiveCfg = Release|Any CPU
		{4529DDD0-4306-4047-AC31-310DE70E7107}.Release|Any CPU.Build.0 = Release|Any CPU
		{975F67B6-90BE-4561-9CB9-A7D75E07F07A}.Debug|Any CPU.ActiveCfg = Debug|Any CPU
		{975F67B6-90BE-4561-9CB9-A7D75E07F07A}.Debug|Any CPU.Build.0 = Debug|Any CPU
		{975F67B6-90BE-4561-9CB9-A7D75E07F07A}.Release|Any CPU.ActiveCfg = Release|Any CPU
		{975F67B6-90BE-4561-9CB9-A7D75E07F07A}.Release|Any CPU.Build.0 = Release|Any CPU
	EndGlobalSection
	GlobalSection(SolutionProperties) = preSolution
		HideSolutionNode = FALSE
	EndGlobalSection
	GlobalSection(ExtensibilityGlobals) = postSolution
		SolutionGuid = {1D54E2B3-787E-4A24-8855-D2054B19099F}
	EndGlobalSection
EndGlobal
